
Microsoft Visual Studio Solution File, Format Version 12.00
# Visual Studio 2013
VisualStudioVersion = 12.0.31101.0
MinimumVisualStudioVersion = 10.0.40219.1
Project("{FAE04EC0-301F-11D3-BF4B-00C04F79EFBC}") = "VimeoUniversalApp.iOS", "VimeoUniversalApp\VimeoUniversalApp.iOS\VimeoUniversalApp.iOS.csproj", "{E7F2F0F2-961A-4C4F-94E8-61D8AA6A4BF4}"
EndProject
Project("{FAE04EC0-301F-11D3-BF4B-00C04F79EFBC}") = "VimeoUniversalApp.Droid", "VimeoUniversalApp\VimeoUniversalApp.Droid\VimeoUniversalApp.Droid.csproj", "{41C16CB2-4195-4E07-BCDF-89BBD0170C22}"
EndProject
Project("{FAE04EC0-301F-11D3-BF4B-00C04F79EFBC}") = "VimeoUniversalApp.WinPhone", "VimeoUniversalApp\VimeoUniversalApp.WinPhone\VimeoUniversalApp.WinPhone.csproj", "{73F96A1E-7EF2-4A28-81FA-3A24B22B2AAC}"
EndProject
Project("{FAE04EC0-301F-11D3-BF4B-00C04F79EFBC}") = "VimeoUniversalApp", "VimeoUniversalApp\VimeoUniversalApp\VimeoUniversalApp.csproj", "{B14795A0-92D7-4824-A9EE-1458EEE00555}"
EndProject
Global
	GlobalSection(SolutionConfigurationPlatforms) = preSolution
		Ad-Hoc|Any CPU = Ad-Hoc|Any CPU
		Ad-Hoc|ARM = Ad-Hoc|ARM
		Ad-Hoc|iPhone = Ad-Hoc|iPhone
		Ad-Hoc|iPhoneSimulator = Ad-Hoc|iPhoneSimulator
		Ad-Hoc|Mixed Platforms = Ad-Hoc|Mixed Platforms
		Ad-Hoc|x86 = Ad-Hoc|x86
		AppStore|Any CPU = AppStore|Any CPU
		AppStore|ARM = AppStore|ARM
		AppStore|iPhone = AppStore|iPhone
		AppStore|iPhoneSimulator = AppStore|iPhoneSimulator
		AppStore|Mixed Platforms = AppStore|Mixed Platforms
		AppStore|x86 = AppStore|x86
		Debug|Any CPU = Debug|Any CPU
		Debug|ARM = Debug|ARM
		Debug|iPhone = Debug|iPhone
		Debug|iPhoneSimulator = Debug|iPhoneSimulator
		Debug|Mixed Platforms = Debug|Mixed Platforms
		Debug|x86 = Debug|x86
		Release|Any CPU = Release|Any CPU
		Release|ARM = Release|ARM
		Release|iPhone = Release|iPhone
		Release|iPhoneSimulator = Release|iPhoneSimulator
		Release|Mixed Platforms = Release|Mixed Platforms
		Release|x86 = Release|x86
	EndGlobalSection
	GlobalSection(ProjectConfigurationPlatforms) = postSolution
		{E7F2F0F2-961A-4C4F-94E8-61D8AA6A4BF4}.Ad-Hoc|Any CPU.ActiveCfg = Ad-Hoc|iPhone
		{E7F2F0F2-961A-4C4F-94E8-61D8AA6A4BF4}.Ad-Hoc|ARM.ActiveCfg = Ad-Hoc|iPhone
		{E7F2F0F2-961A-4C4F-94E8-61D8AA6A4BF4}.Ad-Hoc|iPhone.ActiveCfg = Ad-Hoc|iPhone
		{E7F2F0F2-961A-4C4F-94E8-61D8AA6A4BF4}.Ad-Hoc|iPhone.Build.0 = Ad-Hoc|iPhone
		{E7F2F0F2-961A-4C4F-94E8-61D8AA6A4BF4}.Ad-Hoc|iPhoneSimulator.ActiveCfg = Ad-Hoc|iPhoneSimulator
		{E7F2F0F2-961A-4C4F-94E8-61D8AA6A4BF4}.Ad-Hoc|iPhoneSimulator.Build.0 = Ad-Hoc|iPhoneSimulator
		{E7F2F0F2-961A-4C4F-94E8-61D8AA6A4BF4}.Ad-Hoc|Mixed Platforms.ActiveCfg = Ad-Hoc|iPhone
		{E7F2F0F2-961A-4C4F-94E8-61D8AA6A4BF4}.Ad-Hoc|Mixed Platforms.Build.0 = Ad-Hoc|iPhone
		{E7F2F0F2-961A-4C4F-94E8-61D8AA6A4BF4}.Ad-Hoc|x86.ActiveCfg = Ad-Hoc|iPhone
		{E7F2F0F2-961A-4C4F-94E8-61D8AA6A4BF4}.AppStore|Any CPU.ActiveCfg = AppStore|iPhone
		{E7F2F0F2-961A-4C4F-94E8-61D8AA6A4BF4}.AppStore|ARM.ActiveCfg = AppStore|iPhone
		{E7F2F0F2-961A-4C4F-94E8-61D8AA6A4BF4}.AppStore|iPhone.ActiveCfg = AppStore|iPhone
		{E7F2F0F2-961A-4C4F-94E8-61D8AA6A4BF4}.AppStore|iPhone.Build.0 = AppStore|iPhone
		{E7F2F0F2-961A-4C4F-94E8-61D8AA6A4BF4}.AppStore|iPhoneSimulator.ActiveCfg = AppStore|iPhoneSimulator
		{E7F2F0F2-961A-4C4F-94E8-61D8AA6A4BF4}.AppStore|iPhoneSimulator.Build.0 = AppStore|iPhoneSimulator
		{E7F2F0F2-961A-4C4F-94E8-61D8AA6A4BF4}.AppStore|Mixed Platforms.ActiveCfg = AppStore|iPhone
		{E7F2F0F2-961A-4C4F-94E8-61D8AA6A4BF4}.AppStore|Mixed Platforms.Build.0 = AppStore|iPhone
		{E7F2F0F2-961A-4C4F-94E8-61D8AA6A4BF4}.AppStore|x86.ActiveCfg = AppStore|iPhone
		{E7F2F0F2-961A-4C4F-94E8-61D8AA6A4BF4}.Debug|Any CPU.ActiveCfg = Debug|iPhone
		{E7F2F0F2-961A-4C4F-94E8-61D8AA6A4BF4}.Debug|ARM.ActiveCfg = Debug|iPhone
		{E7F2F0F2-961A-4C4F-94E8-61D8AA6A4BF4}.Debug|iPhone.ActiveCfg = Debug|iPhone
		{E7F2F0F2-961A-4C4F-94E8-61D8AA6A4BF4}.Debug|iPhone.Build.0 = Debug|iPhone
		{E7F2F0F2-961A-4C4F-94E8-61D8AA6A4BF4}.Debug|iPhoneSimulator.ActiveCfg = Debug|iPhoneSimulator
		{E7F2F0F2-961A-4C4F-94E8-61D8AA6A4BF4}.Debug|iPhoneSimulator.Build.0 = Debug|iPhoneSimulator
		{E7F2F0F2-961A-4C4F-94E8-61D8AA6A4BF4}.Debug|Mixed Platforms.ActiveCfg = Debug|iPhone
		{E7F2F0F2-961A-4C4F-94E8-61D8AA6A4BF4}.Debug|Mixed Platforms.Build.0 = Debug|iPhone
		{E7F2F0F2-961A-4C4F-94E8-61D8AA6A4BF4}.Debug|x86.ActiveCfg = Debug|iPhone
		{E7F2F0F2-961A-4C4F-94E8-61D8AA6A4BF4}.Release|Any CPU.ActiveCfg = Release|iPhone
		{E7F2F0F2-961A-4C4F-94E8-61D8AA6A4BF4}.Release|ARM.ActiveCfg = Release|iPhone
		{E7F2F0F2-961A-4C4F-94E8-61D8AA6A4BF4}.Release|iPhone.ActiveCfg = Release|iPhone
		{E7F2F0F2-961A-4C4F-94E8-61D8AA6A4BF4}.Release|iPhone.Build.0 = Release|iPhone
		{E7F2F0F2-961A-4C4F-94E8-61D8AA6A4BF4}.Release|iPhoneSimulator.ActiveCfg = Release|iPhoneSimulator
		{E7F2F0F2-961A-4C4F-94E8-61D8AA6A4BF4}.Release|iPhoneSimulator.Build.0 = Release|iPhoneSimulator
		{E7F2F0F2-961A-4C4F-94E8-61D8AA6A4BF4}.Release|Mixed Platforms.ActiveCfg = Release|iPhone
		{E7F2F0F2-961A-4C4F-94E8-61D8AA6A4BF4}.Release|Mixed Platforms.Build.0 = Release|iPhone
		{E7F2F0F2-961A-4C4F-94E8-61D8AA6A4BF4}.Release|x86.ActiveCfg = Release|iPhone
		{41C16CB2-4195-4E07-BCDF-89BBD0170C22}.Ad-Hoc|Any CPU.ActiveCfg = Release|Any CPU
		{41C16CB2-4195-4E07-BCDF-89BBD0170C22}.Ad-Hoc|Any CPU.Build.0 = Release|Any CPU
		{41C16CB2-4195-4E07-BCDF-89BBD0170C22}.Ad-Hoc|Any CPU.Deploy.0 = Release|Any CPU
		{41C16CB2-4195-4E07-BCDF-89BBD0170C22}.Ad-Hoc|ARM.ActiveCfg = Release|Any CPU
		{41C16CB2-4195-4E07-BCDF-89BBD0170C22}.Ad-Hoc|iPhone.ActiveCfg = Release|Any CPU
		{41C16CB2-4195-4E07-BCDF-89BBD0170C22}.Ad-Hoc|iPhoneSimulator.ActiveCfg = Release|Any CPU
		{41C16CB2-4195-4E07-BCDF-89BBD0170C22}.Ad-Hoc|Mixed Platforms.ActiveCfg = Release|Any CPU
		{41C16CB2-4195-4E07-BCDF-89BBD0170C22}.Ad-Hoc|Mixed Platforms.Build.0 = Release|Any CPU
		{41C16CB2-4195-4E07-BCDF-89BBD0170C22}.Ad-Hoc|Mixed Platforms.Deploy.0 = Release|Any CPU
		{41C16CB2-4195-4E07-BCDF-89BBD0170C22}.Ad-Hoc|x86.ActiveCfg = Release|Any CPU
		{41C16CB2-4195-4E07-BCDF-89BBD0170C22}.AppStore|Any CPU.ActiveCfg = Release|Any CPU
		{41C16CB2-4195-4E07-BCDF-89BBD0170C22}.AppStore|Any CPU.Build.0 = Release|Any CPU
		{41C16CB2-4195-4E07-BCDF-89BBD0170C22}.AppStore|Any CPU.Deploy.0 = Release|Any CPU
		{41C16CB2-4195-4E07-BCDF-89BBD0170C22}.AppStore|ARM.ActiveCfg = Release|Any CPU
		{41C16CB2-4195-4E07-BCDF-89BBD0170C22}.AppStore|iPhone.ActiveCfg = Release|Any CPU
		{41C16CB2-4195-4E07-BCDF-89BBD0170C22}.AppStore|iPhoneSimulator.ActiveCfg = Release|Any CPU
		{41C16CB2-4195-4E07-BCDF-89BBD0170C22}.AppStore|Mixed Platforms.ActiveCfg = Release|Any CPU
		{41C16CB2-4195-4E07-BCDF-89BBD0170C22}.AppStore|Mixed Platforms.Build.0 = Release|Any CPU
		{41C16CB2-4195-4E07-BCDF-89BBD0170C22}.AppStore|Mixed Platforms.Deploy.0 = Release|Any CPU
		{41C16CB2-4195-4E07-BCDF-89BBD0170C22}.AppStore|x86.ActiveCfg = Release|Any CPU
		{41C16CB2-4195-4E07-BCDF-89BBD0170C22}.Debug|Any CPU.ActiveCfg = Debug|Any CPU
		{41C16CB2-4195-4E07-BCDF-89BBD0170C22}.Debug|Any CPU.Build.0 = Debug|Any CPU
		{41C16CB2-4195-4E07-BCDF-89BBD0170C22}.Debug|Any CPU.Deploy.0 = Debug|Any CPU
		{41C16CB2-4195-4E07-BCDF-89BBD0170C22}.Debug|ARM.ActiveCfg = Debug|Any CPU
		{41C16CB2-4195-4E07-BCDF-89BBD0170C22}.Debug|iPhone.ActiveCfg = Debug|Any CPU
		{41C16CB2-4195-4E07-BCDF-89BBD0170C22}.Debug|iPhoneSimulator.ActiveCfg = Debug|Any CPU
		{41C16CB2-4195-4E07-BCDF-89BBD0170C22}.Debug|Mixed Platforms.ActiveCfg = Debug|Any CPU
		{41C16CB2-4195-4E07-BCDF-89BBD0170C22}.Debug|Mixed Platforms.Build.0 = Debug|Any CPU
		{41C16CB2-4195-4E07-BCDF-89BBD0170C22}.Debug|Mixed Platforms.Deploy.0 = Debug|Any CPU
		{41C16CB2-4195-4E07-BCDF-89BBD0170C22}.Debug|x86.ActiveCfg = Debug|Any CPU
		{41C16CB2-4195-4E07-BCDF-89BBD0170C22}.Release|Any CPU.ActiveCfg = Release|Any CPU
		{41C16CB2-4195-4E07-BCDF-89BBD0170C22}.Release|Any CPU.Build.0 = Release|Any CPU
		{41C16CB2-4195-4E07-BCDF-89BBD0170C22}.Release|Any CPU.Deploy.0 = Release|Any CPU
		{41C16CB2-4195-4E07-BCDF-89BBD0170C22}.Release|ARM.ActiveCfg = Release|Any CPU
		{41C16CB2-4195-4E07-BCDF-89BBD0170C22}.Release|iPhone.ActiveCfg = Release|Any CPU
		{41C16CB2-4195-4E07-BCDF-89BBD0170C22}.Release|iPhoneSimulator.ActiveCfg = Release|Any CPU
		{41C16CB2-4195-4E07-BCDF-89BBD0170C22}.Release|Mixed Platforms.ActiveCfg = Release|Any CPU
		{41C16CB2-4195-4E07-BCDF-89BBD0170C22}.Release|Mixed Platforms.Build.0 = Release|Any CPU
		{41C16CB2-4195-4E07-BCDF-89BBD0170C22}.Release|Mixed Platforms.Deploy.0 = Release|Any CPU
		{41C16CB2-4195-4E07-BCDF-89BBD0170C22}.Release|x86.ActiveCfg = Release|Any CPU
		{73F96A1E-7EF2-4A28-81FA-3A24B22B2AAC}.Ad-Hoc|Any CPU.ActiveCfg = Release|Any CPU
		{73F96A1E-7EF2-4A28-81FA-3A24B22B2AAC}.Ad-Hoc|Any CPU.Build.0 = Release|Any CPU
		{73F96A1E-7EF2-4A28-81FA-3A24B22B2AAC}.Ad-Hoc|Any CPU.Deploy.0 = Release|Any CPU
		{73F96A1E-7EF2-4A28-81FA-3A24B22B2AAC}.Ad-Hoc|ARM.ActiveCfg = Release|ARM
		{73F96A1E-7EF2-4A28-81FA-3A24B22B2AAC}.Ad-Hoc|ARM.Build.0 = Release|ARM
		{73F96A1E-7EF2-4A28-81FA-3A24B22B2AAC}.Ad-Hoc|ARM.Deploy.0 = Release|ARM
		{73F96A1E-7EF2-4A28-81FA-3A24B22B2AAC}.Ad-Hoc|iPhone.ActiveCfg = Release|Any CPU
		{73F96A1E-7EF2-4A28-81FA-3A24B22B2AAC}.Ad-Hoc|iPhoneSimulator.ActiveCfg = Release|Any CPU
		{73F96A1E-7EF2-4A28-81FA-3A24B22B2AAC}.Ad-Hoc|Mixed Platforms.ActiveCfg = Release|x86
		{73F96A1E-7EF2-4A28-81FA-3A24B22B2AAC}.Ad-Hoc|Mixed Platforms.Build.0 = Release|x86
		{73F96A1E-7EF2-4A28-81FA-3A24B22B2AAC}.Ad-Hoc|Mixed Platforms.Deploy.0 = Release|x86
		{73F96A1E-7EF2-4A28-81FA-3A24B22B2AAC}.Ad-Hoc|x86.ActiveCfg = Release|x86
		{73F96A1E-7EF2-4A28-81FA-3A24B22B2AAC}.Ad-Hoc|x86.Build.0 = Release|x86
		{73F96A1E-7EF2-4A28-81FA-3A24B22B2AAC}.Ad-Hoc|x86.Deploy.0 = Release|x86
		{73F96A1E-7EF2-4A28-81FA-3A24B22B2AAC}.AppStore|Any CPU.ActiveCfg = Release|Any CPU
		{73F96A1E-7EF2-4A28-81FA-3A24B22B2AAC}.AppStore|Any CPU.Build.0 = Release|Any CPU
		{73F96A1E-7EF2-4A28-81FA-3A24B22B2AAC}.AppStore|Any CPU.Deploy.0 = Release|Any CPU
		{73F96A1E-7EF2-4A28-81FA-3A24B22B2AAC}.AppStore|ARM.ActiveCfg = Release|ARM
		{73F96A1E-7EF2-4A28-81FA-3A24B22B2AAC}.AppStore|ARM.Build.0 = Release|ARM
		{73F96A1E-7EF2-4A28-81FA-3A24B22B2AAC}.AppStore|ARM.Deploy.0 = Release|ARM
		{73F96A1E-7EF2-4A28-81FA-3A24B22B2AAC}.AppStore|iPhone.ActiveCfg = Release|Any CPU
		{73F96A1E-7EF2-4A28-81FA-3A24B22B2AAC}.AppStore|iPhoneSimulator.ActiveCfg = Release|Any CPU
		{73F96A1E-7EF2-4A28-81FA-3A24B22B2AAC}.AppStore|Mixed Platforms.ActiveCfg = Release|x86
		{73F96A1E-7EF2-4A28-81FA-3A24B22B2AAC}.AppStore|Mixed Platforms.Build.0 = Release|x86
		{73F96A1E-7EF2-4A28-81FA-3A24B22B2AAC}.AppStore|Mixed Platforms.Deploy.0 = Release|x86
		{73F96A1E-7EF2-4A28-81FA-3A24B22B2AAC}.AppStore|x86.ActiveCfg = Release|x86
		{73F96A1E-7EF2-4A28-81FA-3A24B22B2AAC}.AppStore|x86.Build.0 = Release|x86
		{73F96A1E-7EF2-4A28-81FA-3A24B22B2AAC}.AppStore|x86.Deploy.0 = Release|x86
		{73F96A1E-7EF2-4A28-81FA-3A24B22B2AAC}.Debug|Any CPU.ActiveCfg = Debug|Any CPU
		{73F96A1E-7EF2-4A28-81FA-3A24B22B2AAC}.Debug|Any CPU.Build.0 = Debug|Any CPU
		{73F96A1E-7EF2-4A28-81FA-3A24B22B2AAC}.Debug|Any CPU.Deploy.0 = Debug|Any CPU
		{73F96A1E-7EF2-4A28-81FA-3A24B22B2AAC}.Debug|ARM.ActiveCfg = Debug|ARM
		{73F96A1E-7EF2-4A28-81FA-3A24B22B2AAC}.Debug|ARM.Build.0 = Debug|ARM
		{73F96A1E-7EF2-4A28-81FA-3A24B22B2AAC}.Debug|ARM.Deploy.0 = Debug|ARM
		{73F96A1E-7EF2-4A28-81FA-3A24B22B2AAC}.Debug|iPhone.ActiveCfg = Debug|Any CPU
		{73F96A1E-7EF2-4A28-81FA-3A24B22B2AAC}.Debug|iPhoneSimulator.ActiveCfg = Debug|Any CPU
		{73F96A1E-7EF2-4A28-81FA-3A24B22B2AAC}.Debug|Mixed Platforms.ActiveCfg = Debug|x86
		{73F96A1E-7EF2-4A28-81FA-3A24B22B2AAC}.Debug|Mixed Platforms.Build.0 = Debug|x86
		{73F96A1E-7EF2-4A28-81FA-3A24B22B2AAC}.Debug|Mixed Platforms.Deploy.0 = Debug|x86
		{73F96A1E-7EF2-4A28-81FA-3A24B22B2AAC}.Debug|x86.ActiveCfg = Debug|x86
		{73F96A1E-7EF2-4A28-81FA-3A24B22B2AAC}.Debug|x86.Build.0 = Debug|x86
		{73F96A1E-7EF2-4A28-81FA-3A24B22B2AAC}.Debug|x86.Deploy.0 = Debug|x86
		{73F96A1E-7EF2-4A28-81FA-3A24B22B2AAC}.Release|Any CPU.ActiveCfg = Release|Any CPU
		{73F96A1E-7EF2-4A28-81FA-3A24B22B2AAC}.Release|Any CPU.Build.0 = Release|Any CPU
		{73F96A1E-7EF2-4A28-81FA-3A24B22B2AAC}.Release|Any CPU.Deploy.0 = Release|Any CPU
		{73F96A1E-7EF2-4A28-81FA-3A24B22B2AAC}.Release|ARM.ActiveCfg = Release|ARM
		{73F96A1E-7EF2-4A28-81FA-3A24B22B2AAC}.Release|ARM.Build.0 = Release|ARM
		{73F96A1E-7EF2-4A28-81FA-3A24B22B2AAC}.Release|ARM.Deploy.0 = Release|ARM
		{73F96A1E-7EF2-4A28-81FA-3A24B22B2AAC}.Release|iPhone.ActiveCfg = Release|Any CPU
		{73F96A1E-7EF2-4A28-81FA-3A24B22B2AAC}.Release|iPhoneSimulator.ActiveCfg = Release|Any CPU
		{73F96A1E-7EF2-4A28-81FA-3A24B22B2AAC}.Release|Mixed Platforms.ActiveCfg = Release|x86
		{73F96A1E-7EF2-4A28-81FA-3A24B22B2AAC}.Release|Mixed Platforms.Build.0 = Release|x86
		{73F96A1E-7EF2-4A28-81FA-3A24B22B2AAC}.Release|Mixed Platforms.Deploy.0 = Release|x86
		{73F96A1E-7EF2-4A28-81FA-3A24B22B2AAC}.Release|x86.ActiveCfg = Release|x86
		{73F96A1E-7EF2-4A28-81FA-3A24B22B2AAC}.Release|x86.Build.0 = Release|x86
		{73F96A1E-7EF2-4A28-81FA-3A24B22B2AAC}.Release|x86.Deploy.0 = Release|x86
		{B14795A0-92D7-4824-A9EE-1458EEE00555}.Ad-Hoc|Any CPU.ActiveCfg = Release|Any CPU
		{B14795A0-92D7-4824-A9EE-1458EEE00555}.Ad-Hoc|Any CPU.Build.0 = Release|Any CPU
		{B14795A0-92D7-4824-A9EE-1458EEE00555}.Ad-Hoc|ARM.ActiveCfg = Release|Any CPU
		{B14795A0-92D7-4824-A9EE-1458EEE00555}.Ad-Hoc|iPhone.ActiveCfg = Release|Any CPU
		{B14795A0-92D7-4824-A9EE-1458EEE00555}.Ad-Hoc|iPhoneSimulator.ActiveCfg = Release|Any CPU
		{B14795A0-92D7-4824-A9EE-1458EEE00555}.Ad-Hoc|Mixed Platforms.ActiveCfg = Release|Any CPU
		{B14795A0-92D7-4824-A9EE-1458EEE00555}.Ad-Hoc|Mixed Platforms.Build.0 = Release|Any CPU
		{B14795A0-92D7-4824-A9EE-1458EEE00555}.Ad-Hoc|x86.ActiveCfg = Release|Any CPU
		{B14795A0-92D7-4824-A9EE-1458EEE00555}.AppStore|Any CPU.ActiveCfg = Release|Any CPU
		{B14795A0-92D7-4824-A9EE-1458EEE00555}.AppStore|Any CPU.Build.0 = Release|Any CPU
		{B14795A0-92D7-4824-A9EE-1458EEE00555}.AppStore|ARM.ActiveCfg = Release|Any CPU
		{B14795A0-92D7-4824-A9EE-1458EEE00555}.AppStore|iPhone.ActiveCfg = Release|Any CPU
		{B14795A0-92D7-4824-A9EE-1458EEE00555}.AppStore|iPhoneSimulator.ActiveCfg = Release|Any CPU
		{B14795A0-92D7-4824-A9EE-1458EEE00555}.AppStore|Mixed Platforms.ActiveCfg = Release|Any CPU
		{B14795A0-92D7-4824-A9EE-1458EEE00555}.AppStore|Mixed Platforms.Build.0 = Release|Any CPU
		{B14795A0-92D7-4824-A9EE-1458EEE00555}.AppStore|x86.ActiveCfg = Release|Any CPU
		{B14795A0-92D7-4824-A9EE-1458EEE00555}.Debug|Any CPU.ActiveCfg = Debug|Any CPU
		{B14795A0-92D7-4824-A9EE-1458EEE00555}.Debug|Any CPU.Build.0 = Debug|Any CPU
		{B14795A0-92D7-4824-A9EE-1458EEE00555}.Debug|ARM.ActiveCfg = Debug|Any CPU
		{B14795A0-92D7-4824-A9EE-1458EEE00555}.Debug|iPhone.ActiveCfg = Debug|Any CPU
		{B14795A0-92D7-4824-A9EE-1458EEE00555}.Debug|iPhoneSimulator.ActiveCfg = Debug|Any CPU
		{B14795A0-92D7-4824-A9EE-1458EEE00555}.Debug|Mixed Platforms.ActiveCfg = Debug|Any CPU
		{B14795A0-92D7-4824-A9EE-1458EEE00555}.Debug|Mixed Platforms.Build.0 = Debug|Any CPU
		{B14795A0-92D7-4824-A9EE-1458EEE00555}.Debug|x86.ActiveCfg = Debug|Any CPU
		{B14795A0-92D7-4824-A9EE-1458EEE00555}.Release|Any CPU.ActiveCfg = Release|Any CPU
		{B14795A0-92D7-4824-A9EE-1458EEE00555}.Release|Any CPU.Build.0 = Release|Any CPU
		{B14795A0-92D7-4824-A9EE-1458EEE00555}.Release|ARM.ActiveCfg = Release|Any CPU
		{B14795A0-92D7-4824-A9EE-1458EEE00555}.Release|iPhone.ActiveCfg = Release|Any CPU
		{B14795A0-92D7-4824-A9EE-1458EEE00555}.Release|iPhoneSimulator.ActiveCfg = Release|Any CPU
		{B14795A0-92D7-4824-A9EE-1458EEE00555}.Release|Mixed Platforms.ActiveCfg = Release|Any CPU
		{B14795A0-92D7-4824-A9EE-1458EEE00555}.Release|Mixed Platforms.Build.0 = Release|Any CPU
		{B14795A0-92D7-4824-A9EE-1458EEE00555}.Release|x86.ActiveCfg = Release|Any CPU
	EndGlobalSection
	GlobalSection(SolutionProperties) = preSolution
		HideSolutionNode = FALSE
	EndGlobalSection
EndGlobal
